{
  "name": "beat-a-drone",
  "lockfileVersion": 3,
  "requires": true,
  "packages": {
    "": {
      "dependencies": {
        "smplr": "^1.0.0"
      }
    },
    "node_modules/smplr": {
      "version": "1.0.0",
      "resolved": "https://registry.npmjs.org/smplr/-/smplr-1.0.0.tgz",
      "integrity": "sha512-mCggf1Ex9oNOMl3LJNq7qlc3/aotKsH4DRFz0WgB7g7H4P1qUxmENkoqZ8FKj5vFY6CeweGNk7Uz8vOU/exQ7w==",
      "license": "MIT",
      "engines": {
        "node": ">=14.0.0"
      }
    }
  }
}
